PODS:
  - Masonry (1.1.0)
  - MBProgressHUD (1.1.0)
  - MJRefresh (3.1.17)
  - TopRouter (1.0.0)
  - TPUIKit (1.0.6):
    - TPUIKit/Alert (= 1.0.6)
    - TPUIKit/Banner (= 1.0.6)
    - TPUIKit/Base (= 1.0.6)
    - TPUIKit/Blank (= 1.0.6)
    - TPUIKit/GradientView (= 1.0.6)
    - TPUIKit/GraphicView (= 1.0.6)
    - TPUIKit/MarginLabel (= 1.0.6)
    - TPUIKit/Navigator (= 1.0.6)
    - TPUIKit/PageControl (= 1.0.6)
    - TPUIKit/Refresh (= 1.0.6)
    - TPUIKit/ScrollTable (= 1.0.6)
    - TPUIKit/SimButton (= 1.0.6)
    - TPUIKit/Tabbar (= 1.0.6)
    - TPUIKit/Toast (= 1.0.6)
  - TPUIKit/Alert (1.0.6)
  - TPUIKit/Banner (1.0.6)
  - TPUIKit/Base (1.0.6)
  - TPUIKit/Blank (1.0.6):
    - Masonry
    - TPUIKit/Base
  - TPUIKit/GradientView (1.0.6)
  - TPUIKit/GraphicView (1.0.6):
    - Masonry
  - TPUIKit/MarginLabel (1.0.6)
  - TPUIKit/Navigator (1.0.6)
  - TPUIKit/PageControl (1.0.6):
    - Masonry
    - TPUIKit/Base
  - TPUIKit/Refresh (1.0.6):
    - Masonry
    - MJRefresh (~> 3.1.14)
    - TPUIKit/Base
  - TPUIKit/ScrollTable (1.0.6):
    - Masonry
    - TPUIKit/Banner
    - TPUIKit/Base
    - TPUIKit/Tabbar
  - TPUIKit/SimButton (1.0.6)
  - TPUIKit/Tabbar (1.0.6):
    - TPUIKit/Base
  - TPUIKit/Toast (1.0.6):
    - MBProgressHUD (~> 1.1.0)
    - TPUIKit/Base

DEPENDENCIES:
  - Masonry
  - TopRouter (from `../`)
  - TPUIKit

SPEC REPOS:
  trunk:
    - Masonry
    - MBProgressHUD
    - MJRefresh
    - TPUIKit

EXTERNAL SOURCES:
  TopRouter:
    :path: "../"

SPEC CHECKSUMS:
  Masonry: 678fab65091a9290e40e2832a55e7ab731aad201
  MBProgressHUD: e7baa36a220447d8aeb12769bf0585582f3866d9
  MJRefresh: ee5b68f639775462faba4db0fd243baf4d42c2cf
  TopRouter: 11fb72bcc8a532f8b69a6eed08f406ae2631e130
  TPUIKit: 80badc69f27b075262509c27a9a72a61e8287c47

PODFILE CHECKSUM: 676e70a2091eb03a28de31412274637d69bc4d8f

COCOAPODS: 1.10.0
